
Microsoft Visual Studio Solution File, Format Version 12.00
# Visual Studio Version 17
VisualStudioVersion = 17.11.35431.28
MinimumVisualStudioVersion = 10.0.40219.1
Project("{9A19103F-16F7-4668-BE54-9A1E7A4F7556}") = "trilha-net-azure-desafio", "trilha-net-azure-desafio.csproj", "{08327837-92A8-469B-AB45-21D88E23A93A}"
EndProject
Global
	GlobalSection(SolutionConfigurationPlatforms) = preSolution
		Debug|Any CPU = Debug|Any CPU
		Release|Any CPU = Release|Any CPU
	EndGlobalSection
	GlobalSection(ProjectConfigurationPlatforms) = postSolution
		{08327837-92A8-469B-AB45-21D88E23A93A}.Debug|Any CPU.ActiveCfg = Debug|Any CPU
		{08327837-92A8-469B-AB45-21D88E23A93A}.Debug|Any CPU.Build.0 = Debug|Any CPU
		{08327837-92A8-469B-AB45-21D88E23A93A}.Release|Any CPU.ActiveCfg = Release|Any CPU
		{08327837-92A8-469B-AB45-21D88E23A93A}.Release|Any CPU.Build.0 = Release|Any CPU
	EndGlobalSection
	GlobalSection(SolutionProperties) = preSolution
		HideSolutionNode = FALSE
	EndGlobalSection
	GlobalSection(ExtensibilityGlobals) = postSolution
		SolutionGuid = {69407AFF-070F-4B85-B9B1-4B7CCE0E07B8}
	EndGlobalSection
EndGlobal
